
Microsoft Visual Studio Solution File, Format Version 12.00
# Visual Studio Version 17
VisualStudioVersion = 17.7.34024.191
MinimumVisualStudioVersion = 10.0.40219.1
Project("{8BC9CEB8-8B4A-11D0-8D11-00A0C91BC942}") = "牛牛的金币", "牛牛的金币.vcxproj", "{473D6A07-0FE3-4C4A-80FC-6E518A7F6963}"
EndProject
Global
	GlobalSection(SolutionConfigurationPlatforms) = preSolution
		Debug|x64 = Debug|x64
		Debug|x86 = Debug|x86
		Release|x64 = Release|x64
		Release|x86 = Release|x86
	EndGlobalSection
	GlobalSection(ProjectConfigurationPlatforms) = postSolution
		{473D6A07-0FE3-4C4A-80FC-6E518A7F6963}.Debug|x64.ActiveCfg = Debug|x64
		{473D6A07-0FE3-4C4A-80FC-6E518A7F6963}.Debug|x64.Build.0 = Debug|x64
		{473D6A07-0FE3-4C4A-80FC-6E518A7F6963}.Debug|x86.ActiveCfg = Debug|Win32
		{473D6A07-0FE3-4C4A-80FC-6E518A7F6963}.Debug|x86.Build.0 = Debug|Win32
		{473D6A07-0FE3-4C4A-80FC-6E518A7F6963}.Release|x64.ActiveCfg = Release|x64
		{473D6A07-0FE3-4C4A-80FC-6E518A7F6963}.Release|x64.Build.0 = Release|x64
		{473D6A07-0FE3-4C4A-80FC-6E518A7F6963}.Release|x86.ActiveCfg = Release|Win32
		{473D6A07-0FE3-4C4A-80FC-6E518A7F6963}.Release|x86.Build.0 = Release|Win32
	EndGlobalSection
	GlobalSection(SolutionProperties) = preSolution
		HideSolutionNode = FALSE
	EndGlobalSection
	GlobalSection(ExtensibilityGlobals) = postSolution
		SolutionGuid = {561B8A8D-29B1-426A-9274-D10153159DD5}
	EndGlobalSection
EndGlobal
